
Microsoft Visual Studio Solution File, Format Version 12.00
# Visual Studio Version 16
VisualStudioVersion = 16.0.29609.76
MinimumVisualStudioVersion = 10.0.40219.1
Project("{9A19103F-16F7-4668-BE54-9A1E7A4F7556}") = "Cosmetics.Web", "Cosmetics.Web\Cosmetics.Web.csproj", "{701A384F-4E22-49D7-9F83-CAC6430CE079}"
EndProject
Project("{9A19103F-16F7-4668-BE54-9A1E7A4F7556}") = "Cosmetics.DAL", "Cosmetics.DAL\Cosmetics.DAL.csproj", "{979570E8-604C-43F9-B59F-3A1D9C3389B7}"
EndProject
Project("{9A19103F-16F7-4668-BE54-9A1E7A4F7556}") = "Cosmetics.BLL", "Cosmetics.BLL\Cosmetics.BLL.csproj", "{FE1CCFB2-A915-4428-B73A-67ADF778E6F2}"
EndProject
Global
	GlobalSection(SolutionConfigurationPlatforms) = preSolution
		Debug|Any CPU = Debug|Any CPU
		Release|Any CPU = Release|Any CPU
	EndGlobalSection
	GlobalSection(ProjectConfigurationPlatforms) = postSolution
		{701A384F-4E22-49D7-9F83-CAC6430CE079}.Debug|Any CPU.ActiveCfg = Debug|Any CPU
		{701A384F-4E22-49D7-9F83-CAC6430CE079}.Debug|Any CPU.Build.0 = Debug|Any CPU
		{701A384F-4E22-49D7-9F83-CAC6430CE079}.Release|Any CPU.ActiveCfg = Release|Any CPU
		{701A384F-4E22-49D7-9F83-CAC6430CE079}.Release|Any CPU.Build.0 = Release|Any CPU
		{979570E8-604C-43F9-B59F-3A1D9C3389B7}.Debug|Any CPU.ActiveCfg = Debug|Any CPU
		{979570E8-604C-43F9-B59F-3A1D9C3389B7}.Debug|Any CPU.Build.0 = Debug|Any CPU
		{979570E8-604C-43F9-B59F-3A1D9C3389B7}.Release|Any CPU.ActiveCfg = Release|Any CPU
		{979570E8-604C-43F9-B59F-3A1D9C3389B7}.Release|Any CPU.Build.0 = Release|Any CPU
		{FE1CCFB2-A915-4428-B73A-67ADF778E6F2}.Debug|Any CPU.ActiveCfg = Debug|Any CPU
		{FE1CCFB2-A915-4428-B73A-67ADF778E6F2}.Debug|Any CPU.Build.0 = Debug|Any CPU
		{FE1CCFB2-A915-4428-B73A-67ADF778E6F2}.Release|Any CPU.ActiveCfg = Release|Any CPU
		{FE1CCFB2-A915-4428-B73A-67ADF778E6F2}.Release|Any CPU.Build.0 = Release|Any CPU
	EndGlobalSection
	GlobalSection(SolutionProperties) = preSolution
		HideSolutionNode = FALSE
	EndGlobalSection
	GlobalSection(ExtensibilityGlobals) = postSolution
		SolutionGuid = {F9669AB5-CF13-4ADE-AF9A-B4E9736B2672}
	EndGlobalSection
EndGlobal
